
Microsoft Visual Studio Solution File, Format Version 12.00
# Visual Studio Version 17
VisualStudioVersion = 17.0.31903.59
MinimumVisualStudioVersion = 10.0.40219.1
Project("{9A19103F-16F7-4668-BE54-9A1E7A4F7556}") = "ScreenSound", "ScreenSound\ScreenSound.csproj", "{A9CCE41C-6657-42BF-AED4-F3F578033037}"
EndProject
Project("{FAE04EC0-301F-11D3-BF4B-00C04F79EFBC}") = "ScreenSound.Api", "ScreenSound.Api\ScreenSound.Api.csproj", "{BD1950E0-BA85-4CBA-BA33-07A8A0878463}"
EndProject
Project("{FAE04EC0-301F-11D3-BF4B-00C04F79EFBC}") = "ScreenSound.Shered.Modelos", "ScreenSound.Shered.Modelos\ScreenSound.Shered.Modelos.csproj", "{52B4321C-3EB4-447C-9B47-A81F2856BC86}"
EndProject
Project("{FAE04EC0-301F-11D3-BF4B-00C04F79EFBC}") = "ScreenSound.Shared.Dados", "ScreenSound.Shared.Dados\ScreenSound.Shared.Dados.csproj", "{B0891097-1895-42B3-A69E-2DB105567E66}"
EndProject
Global
	GlobalSection(SolutionConfigurationPlatforms) = preSolution
		Debug|Any CPU = Debug|Any CPU
		Release|Any CPU = Release|Any CPU
	EndGlobalSection
	GlobalSection(ProjectConfigurationPlatforms) = postSolution
		{A9CCE41C-6657-42BF-AED4-F3F578033037}.Debug|Any CPU.ActiveCfg = Debug|Any CPU
		{A9CCE41C-6657-42BF-AED4-F3F578033037}.Debug|Any CPU.Build.0 = Debug|Any CPU
		{A9CCE41C-6657-42BF-AED4-F3F578033037}.Release|Any CPU.ActiveCfg = Release|Any CPU
		{A9CCE41C-6657-42BF-AED4-F3F578033037}.Release|Any CPU.Build.0 = Release|Any CPU
		{BD1950E0-BA85-4CBA-BA33-07A8A0878463}.Debug|Any CPU.ActiveCfg = Debug|Any CPU
		{BD1950E0-BA85-4CBA-BA33-07A8A0878463}.Debug|Any CPU.Build.0 = Debug|Any CPU
		{BD1950E0-BA85-4CBA-BA33-07A8A0878463}.Release|Any CPU.ActiveCfg = Release|Any CPU
		{BD1950E0-BA85-4CBA-BA33-07A8A0878463}.Release|Any CPU.Build.0 = Release|Any CPU
		{52B4321C-3EB4-447C-9B47-A81F2856BC86}.Debug|Any CPU.ActiveCfg = Debug|Any CPU
		{52B4321C-3EB4-447C-9B47-A81F2856BC86}.Debug|Any CPU.Build.0 = Debug|Any CPU
		{52B4321C-3EB4-447C-9B47-A81F2856BC86}.Release|Any CPU.ActiveCfg = Release|Any CPU
		{52B4321C-3EB4-447C-9B47-A81F2856BC86}.Release|Any CPU.Build.0 = Release|Any CPU
		{B0891097-1895-42B3-A69E-2DB105567E66}.Debug|Any CPU.ActiveCfg = Debug|Any CPU
		{B0891097-1895-42B3-A69E-2DB105567E66}.Debug|Any CPU.Build.0 = Debug|Any CPU
		{B0891097-1895-42B3-A69E-2DB105567E66}.Release|Any CPU.ActiveCfg = Release|Any CPU
		{B0891097-1895-42B3-A69E-2DB105567E66}.Release|Any CPU.Build.0 = Release|Any CPU
	EndGlobalSection
	GlobalSection(SolutionProperties) = preSolution
		HideSolutionNode = FALSE
	EndGlobalSection
	GlobalSection(ExtensibilityGlobals) = postSolution
		SolutionGuid = {48F5E4D2-DF4F-4A11-A040-4E52AF492549}
	EndGlobalSection
EndGlobal
